
Microsoft Visual Studio Solution File, Format Version 12.00
# Visual Studio 15
VisualStudioVersion = 15.0.26711.1
MinimumVisualStudioVersion = 10.0.40219.1
Project("{FAE04EC0-301F-11D3-BF4B-00C04F79EFBC}") = "DeserializationPOC", "DeserializationPOC\DeserializationPOC.csproj", "{D854FDB0-BDEA-4AFA-9715-CD34AAF3B0A6}"
EndProject
Global
	GlobalSection(SolutionConfigurationPlatforms) = preSolution
		Debug|Any CPU = Debug|Any CPU
		Release|Any CPU = Release|Any CPU
	EndGlobalSection
	GlobalSection(ProjectConfigurationPlatforms) = postSolution
		{D854FDB0-BDEA-4AFA-9715-CD34AAF3B0A6}.Debug|Any CPU.ActiveCfg = Debug|Any CPU
		{D854FDB0-BDEA-4AFA-9715-CD34AAF3B0A6}.Debug|Any CPU.Build.0 = Debug|Any CPU
		{D854FDB0-BDEA-4AFA-9715-CD34AAF3B0A6}.Release|Any CPU.ActiveCfg = Release|Any CPU
		{D854FDB0-BDEA-4AFA-9715-CD34AAF3B0A6}.Release|Any CPU.Build.0 = Release|Any CPU
	EndGlobalSection
	GlobalSection(SolutionProperties) = preSolution
		HideSolutionNode = FALSE
	EndGlobalSection
	GlobalSection(ExtensibilityGlobals) = postSolution
		SolutionGuid = {F6A86DCE-AE8F-4CBC-B908-6B79413AF52F}
	EndGlobalSection
EndGlobal
